
Microsoft Visual Studio Solution File, Format Version 12.00
# Visual Studio Version 17
VisualStudioVersion = 17.0.31903.59
MinimumVisualStudioVersion = 10.0.40219.1
Project("{2150E333-8FDC-42A3-9474-1A3956D46DE8}") = "src", "src", "{47A1C75B-2E68-456F-AEE6-5D92AC6A0618}"
EndProject
Project("{9A19103F-16F7-4668-BE54-9A1E7A4F7556}") = "GymManagement.Api", "src\GymManagement.Api\GymManagement.Api.csproj", "{F31AC4F3-0929-421E-BD03-49A943960597}"
EndProject
Project("{9A19103F-16F7-4668-BE54-9A1E7A4F7556}") = "GymManagement.Application", "src\GymManagement.Application\GymManagement.Application.csproj", "{794A209B-3966-45A1-B1A1-19DF806A64EE}"
EndProject
Project("{9A19103F-16F7-4668-BE54-9A1E7A4F7556}") = "GymManagement.Domain", "src\GymManagement.Domain\GymManagement.Domain.csproj", "{1066CD35-D253-4566-ABFB-27909AC19857}"
EndProject
Project("{9A19103F-16F7-4668-BE54-9A1E7A4F7556}") = "GymManagement.Infrastructure", "src\GymManagement.Infrastructure\GymManagement.Infrastructure.csproj", "{1832B56B-F113-4580-B7BD-30C5D2230AB5}"
EndProject
Project("{9A19103F-16F7-4668-BE54-9A1E7A4F7556}") = "GymManagement.Contracts", "src\GymManagement.Contracts\GymManagement.Contracts.csproj", "{34ABFE48-7EA2-41AD-9BD4-9737A51D9B9D}"
EndProject
Project("{2150E333-8FDC-42A3-9474-1A3956D46DE8}") = "requests", "requests", "{F0E5BF9D-EC25-4E80-A3C3-B5BF05BEA994}"
EndProject
Project("{2150E333-8FDC-42A3-9474-1A3956D46DE8}") = "Gyms", "Gyms", "{DDC26D18-E450-4CCD-9F09-6916CD36A423}"
	ProjectSection(SolutionItems) = preProject
		requests\Gyms\AddTrainer.http = requests\Gyms\AddTrainer.http
		requests\Gyms\CreateGym.http = requests\Gyms\CreateGym.http
		requests\Gyms\DeleteGym.http = requests\Gyms\DeleteGym.http
		requests\Gyms\ListGyms.http = requests\Gyms\ListGyms.http
	EndProjectSection
EndProject
Project("{2150E333-8FDC-42A3-9474-1A3956D46DE8}") = "Rooms", "Rooms", "{149551E9-C285-49CA-8B96-89FC303B1094}"
	ProjectSection(SolutionItems) = preProject
		requests\Rooms\CreateRoom.http = requests\Rooms\CreateRoom.http
		requests\Rooms\DeleteRoom.http = requests\Rooms\DeleteRoom.http
	EndProjectSection
EndProject
Project("{2150E333-8FDC-42A3-9474-1A3956D46DE8}") = "Subscriptions", "Subscriptions", "{40FAE0AC-6383-450D-9BA6-8C02803A9622}"
	ProjectSection(SolutionItems) = preProject
		requests\Subscriptions\CreateSubscription.http = requests\Subscriptions\CreateSubscription.http
		requests\Subscriptions\DeleteSubscription.http = requests\Subscriptions\DeleteSubscription.http
		requests\Subscriptions\GetSubscription.http = requests\Subscriptions\GetSubscription.http
	EndProjectSection
EndProject
Global
	GlobalSection(SolutionConfigurationPlatforms) = preSolution
		Debug|Any CPU = Debug|Any CPU
		Release|Any CPU = Release|Any CPU
	EndGlobalSection
	GlobalSection(ProjectConfigurationPlatforms) = postSolution
		{F31AC4F3-0929-421E-BD03-49A943960597}.Debug|Any CPU.ActiveCfg = Debug|Any CPU
		{F31AC4F3-0929-421E-BD03-49A943960597}.Debug|Any CPU.Build.0 = Debug|Any CPU
		{F31AC4F3-0929-421E-BD03-49A943960597}.Release|Any CPU.ActiveCfg = Release|Any CPU
		{F31AC4F3-0929-421E-BD03-49A943960597}.Release|Any CPU.Build.0 = Release|Any CPU
		{794A209B-3966-45A1-B1A1-19DF806A64EE}.Debug|Any CPU.ActiveCfg = Debug|Any CPU
		{794A209B-3966-45A1-B1A1-19DF806A64EE}.Debug|Any CPU.Build.0 = Debug|Any CPU
		{794A209B-3966-45A1-B1A1-19DF806A64EE}.Release|Any CPU.ActiveCfg = Release|Any CPU
		{794A209B-3966-45A1-B1A1-19DF806A64EE}.Release|Any CPU.Build.0 = Release|Any CPU
		{1066CD35-D253-4566-ABFB-27909AC19857}.Debug|Any CPU.ActiveCfg = Debug|Any CPU
		{1066CD35-D253-4566-ABFB-27909AC19857}.Debug|Any CPU.Build.0 = Debug|Any CPU
		{1066CD35-D253-4566-ABFB-27909AC19857}.Release|Any CPU.ActiveCfg = Release|Any CPU
		{1066CD35-D253-4566-ABFB-27909AC19857}.Release|Any CPU.Build.0 = Release|Any CPU
		{1832B56B-F113-4580-B7BD-30C5D2230AB5}.Debug|Any CPU.ActiveCfg = Debug|Any CPU
		{1832B56B-F113-4580-B7BD-30C5D2230AB5}.Debug|Any CPU.Build.0 = Debug|Any CPU
		{1832B56B-F113-4580-B7BD-30C5D2230AB5}.Release|Any CPU.ActiveCfg = Release|Any CPU
		{1832B56B-F113-4580-B7BD-30C5D2230AB5}.Release|Any CPU.Build.0 = Release|Any CPU
		{34ABFE48-7EA2-41AD-9BD4-9737A51D9B9D}.Debug|Any CPU.ActiveCfg = Debug|Any CPU
		{34ABFE48-7EA2-41AD-9BD4-9737A51D9B9D}.Debug|Any CPU.Build.0 = Debug|Any CPU
		{34ABFE48-7EA2-41AD-9BD4-9737A51D9B9D}.Release|Any CPU.ActiveCfg = Release|Any CPU
		{34ABFE48-7EA2-41AD-9BD4-9737A51D9B9D}.Release|Any CPU.Build.0 = Release|Any CPU
	EndGlobalSection
	GlobalSection(SolutionProperties) = preSolution
		HideSolutionNode = FALSE
	EndGlobalSection
	GlobalSection(NestedProjects) = preSolution
		{F31AC4F3-0929-421E-BD03-49A943960597} = {47A1C75B-2E68-456F-AEE6-5D92AC6A0618}
		{794A209B-3966-45A1-B1A1-19DF806A64EE} = {47A1C75B-2E68-456F-AEE6-5D92AC6A0618}
		{1066CD35-D253-4566-ABFB-27909AC19857} = {47A1C75B-2E68-456F-AEE6-5D92AC6A0618}
		{1832B56B-F113-4580-B7BD-30C5D2230AB5} = {47A1C75B-2E68-456F-AEE6-5D92AC6A0618}
		{34ABFE48-7EA2-41AD-9BD4-9737A51D9B9D} = {47A1C75B-2E68-456F-AEE6-5D92AC6A0618}
		{DDC26D18-E450-4CCD-9F09-6916CD36A423} = {F0E5BF9D-EC25-4E80-A3C3-B5BF05BEA994}
		{149551E9-C285-49CA-8B96-89FC303B1094} = {F0E5BF9D-EC25-4E80-A3C3-B5BF05BEA994}
		{40FAE0AC-6383-450D-9BA6-8C02803A9622} = {F0E5BF9D-EC25-4E80-A3C3-B5BF05BEA994}
	EndGlobalSection
	GlobalSection(ExtensibilityGlobals) = postSolution
		SolutionGuid = {AB6DCE4E-E793-42FD-9022-1371339D6C57}
	EndGlobalSection
EndGlobal
